
Microsoft Visual Studio Solution File, Format Version 12.00
# Visual Studio Version 16
VisualStudioVersion = 16.0.30517.126
MinimumVisualStudioVersion = 10.0.40219.1
Project("{FAE04EC0-301F-11D3-BF4B-00C04F79EFBC}") = "SafeKey", "SafeKey\SafeKey.csproj", "{DDBEB4E3-6AFA-446F-BC58-CF18F3015DE9}"
EndProject
Global
	GlobalSection(SolutionConfigurationPlatforms) = preSolution
		Debug|Any CPU = Debug|Any CPU
		Release|Any CPU = Release|Any CPU
	EndGlobalSection
	GlobalSection(ProjectConfigurationPlatforms) = postSolution
		{DDBEB4E3-6AFA-446F-BC58-CF18F3015DE9}.Debug|Any CPU.ActiveCfg = Debug|Any CPU
		{DDBEB4E3-6AFA-446F-BC58-CF18F3015DE9}.Debug|Any CPU.Build.0 = Debug|Any CPU
		{DDBEB4E3-6AFA-446F-BC58-CF18F3015DE9}.Release|Any CPU.ActiveCfg = Release|Any CPU
		{DDBEB4E3-6AFA-446F-BC58-CF18F3015DE9}.Release|Any CPU.Build.0 = Release|Any CPU
	EndGlobalSection
	GlobalSection(SolutionProperties) = preSolution
		HideSolutionNode = FALSE
	EndGlobalSection
	GlobalSection(ExtensibilityGlobals) = postSolution
		SolutionGuid = {EE01896A-AD92-4BCE-B5E5-43DDCF03CC8C}
	EndGlobalSection
EndGlobal
